
Microsoft Visual Studio Solution File, Format Version 12.00
# Visual Studio Version 17
VisualStudioVersion = 17.4.33103.184
MinimumVisualStudioVersion = 10.0.40219.1
Project("{9A19103F-16F7-4668-BE54-9A1E7A4F7556}") = "DapperCRUD.API", "DapperCRUD.API.csproj", "{7B610FC8-EA20-4E13-8FEE-9F585E1FB4F5}"
EndProject
Project("{2150E333-8FDC-42A3-9474-1A3956D46DE8}") = "src", "src", "{C10BD69D-59B7-481B-B2D2-8E9D37919390}"
EndProject
Project("{9A19103F-16F7-4668-BE54-9A1E7A4F7556}") = "DapperCRUD.Infrasturcture", "..\DapperCRUD.Infrasturcture\DapperCRUD.Infrasturcture.csproj", "{60BBD0F8-F01F-42D0-9E97-75999AF4BE8E}"
EndProject
Project("{9A19103F-16F7-4668-BE54-9A1E7A4F7556}") = "DapperCRUD.Engine", "..\DapperCRUD.Engine\DapperCRUD.Engine.csproj", "{A2F740A5-2885-4DE2-8C02-73A2660E0600}"
EndProject
Project("{9A19103F-16F7-4668-BE54-9A1E7A4F7556}") = "DapperCRUD.Domain", "..\DapperCRUD.Domain\DapperCRUD.Domain.csproj", "{ECE2F574-9C3C-4097-990F-E931DD5148E6}"
EndProject
Project("{2150E333-8FDC-42A3-9474-1A3956D46DE8}") = "tests", "tests", "{E8159C4C-904F-4538-A5A3-ABFCD3737880}"
EndProject
Project("{FAE04EC0-301F-11D3-BF4B-00C04F79EFBC}") = "DapperUnitTest.Tests", "..\DapperUnitTest.Tests\DapperUnitTest.Tests.csproj", "{047DE84E-EF6F-4BAE-865D-626E78ECF45B}"
EndProject
Global
	GlobalSection(SolutionConfigurationPlatforms) = preSolution
		Debug|Any CPU = Debug|Any CPU
		Release|Any CPU = Release|Any CPU
	EndGlobalSection
	GlobalSection(ProjectConfigurationPlatforms) = postSolution
		{7B610FC8-EA20-4E13-8FEE-9F585E1FB4F5}.Debug|Any CPU.ActiveCfg = Debug|Any CPU
		{7B610FC8-EA20-4E13-8FEE-9F585E1FB4F5}.Debug|Any CPU.Build.0 = Debug|Any CPU
		{7B610FC8-EA20-4E13-8FEE-9F585E1FB4F5}.Release|Any CPU.ActiveCfg = Release|Any CPU
		{7B610FC8-EA20-4E13-8FEE-9F585E1FB4F5}.Release|Any CPU.Build.0 = Release|Any CPU
		{60BBD0F8-F01F-42D0-9E97-75999AF4BE8E}.Debug|Any CPU.ActiveCfg = Debug|Any CPU
		{60BBD0F8-F01F-42D0-9E97-75999AF4BE8E}.Debug|Any CPU.Build.0 = Debug|Any CPU
		{60BBD0F8-F01F-42D0-9E97-75999AF4BE8E}.Release|Any CPU.ActiveCfg = Release|Any CPU
		{60BBD0F8-F01F-42D0-9E97-75999AF4BE8E}.Release|Any CPU.Build.0 = Release|Any CPU
		{A2F740A5-2885-4DE2-8C02-73A2660E0600}.Debug|Any CPU.ActiveCfg = Debug|Any CPU
		{A2F740A5-2885-4DE2-8C02-73A2660E0600}.Debug|Any CPU.Build.0 = Debug|Any CPU
		{A2F740A5-2885-4DE2-8C02-73A2660E0600}.Release|Any CPU.ActiveCfg = Release|Any CPU
		{A2F740A5-2885-4DE2-8C02-73A2660E0600}.Release|Any CPU.Build.0 = Release|Any CPU
		{ECE2F574-9C3C-4097-990F-E931DD5148E6}.Debug|Any CPU.ActiveCfg = Debug|Any CPU
		{ECE2F574-9C3C-4097-990F-E931DD5148E6}.Debug|Any CPU.Build.0 = Debug|Any CPU
		{ECE2F574-9C3C-4097-990F-E931DD5148E6}.Release|Any CPU.ActiveCfg = Release|Any CPU
		{ECE2F574-9C3C-4097-990F-E931DD5148E6}.Release|Any CPU.Build.0 = Release|Any CPU
		{047DE84E-EF6F-4BAE-865D-626E78ECF45B}.Debug|Any CPU.ActiveCfg = Debug|Any CPU
		{047DE84E-EF6F-4BAE-865D-626E78ECF45B}.Debug|Any CPU.Build.0 = Debug|Any CPU
		{047DE84E-EF6F-4BAE-865D-626E78ECF45B}.Release|Any CPU.ActiveCfg = Release|Any CPU
		{047DE84E-EF6F-4BAE-865D-626E78ECF45B}.Release|Any CPU.Build.0 = Release|Any CPU
	EndGlobalSection
	GlobalSection(SolutionProperties) = preSolution
		HideSolutionNode = FALSE
	EndGlobalSection
	GlobalSection(NestedProjects) = preSolution
		{7B610FC8-EA20-4E13-8FEE-9F585E1FB4F5} = {C10BD69D-59B7-481B-B2D2-8E9D37919390}
		{60BBD0F8-F01F-42D0-9E97-75999AF4BE8E} = {C10BD69D-59B7-481B-B2D2-8E9D37919390}
		{A2F740A5-2885-4DE2-8C02-73A2660E0600} = {C10BD69D-59B7-481B-B2D2-8E9D37919390}
		{ECE2F574-9C3C-4097-990F-E931DD5148E6} = {C10BD69D-59B7-481B-B2D2-8E9D37919390}
		{047DE84E-EF6F-4BAE-865D-626E78ECF45B} = {E8159C4C-904F-4538-A5A3-ABFCD3737880}
	EndGlobalSection
	GlobalSection(ExtensibilityGlobals) = postSolution
		SolutionGuid = {B96ADD2A-35F2-4A8A-8513-44FF99FF52EE}
	EndGlobalSection
EndGlobal
